
Microsoft Visual Studio Solution File, Format Version 12.00
# Visual Studio 14
VisualStudioVersion = 14.0.23107.0
MinimumVisualStudioVersion = 10.0.40219.1
Project("{FAE04EC0-301F-11D3-BF4B-00C04F79EFBC}") = "Matrix", "Matrix\Matrix.csproj", "{1EED69F9-B1FE-4981-A186-2E68E65629F3}"
EndProject
Project("{FAE04EC0-301F-11D3-BF4B-00C04F79EFBC}") = "Matrix.Tests", "Matrix.Tests\Matrix.Tests.csproj", "{52B49835-3B41-43BE-B210-BB4954A8C60F}"
EndProject
Global
	GlobalSection(SolutionConfigurationPlatforms) = preSolution
		Debug|Any CPU = Debug|Any CPU
		Release|Any CPU = Release|Any CPU
	EndGlobalSection
	GlobalSection(ProjectConfigurationPlatforms) = postSolution
		{1EED69F9-B1FE-4981-A186-2E68E65629F3}.Debug|Any CPU.ActiveCfg = Debug|Any CPU
		{1EED69F9-B1FE-4981-A186-2E68E65629F3}.Debug|Any CPU.Build.0 = Debug|Any CPU
		{1EED69F9-B1FE-4981-A186-2E68E65629F3}.Release|Any CPU.ActiveCfg = Release|Any CPU
		{1EED69F9-B1FE-4981-A186-2E68E65629F3}.Release|Any CPU.Build.0 = Release|Any CPU
		{52B49835-3B41-43BE-B210-BB4954A8C60F}.Debug|Any CPU.ActiveCfg = Debug|Any CPU
		{52B49835-3B41-43BE-B210-BB4954A8C60F}.Debug|Any CPU.Build.0 = Debug|Any CPU
		{52B49835-3B41-43BE-B210-BB4954A8C60F}.Release|Any CPU.ActiveCfg = Release|Any CPU
		{52B49835-3B41-43BE-B210-BB4954A8C60F}.Release|Any CPU.Build.0 = Release|Any CPU
	EndGlobalSection
	GlobalSection(SolutionProperties) = preSolution
		HideSolutionNode = FALSE
	EndGlobalSection
EndGlobal
