
Microsoft Visual Studio Solution File, Format Version 12.00
# Visual Studio 14
VisualStudioVersion = 14.0.23107.0
MinimumVisualStudioVersion = 10.0.40219.1
Project("{FAE04EC0-301F-11D3-BF4B-00C04F79EFBC}") = "School", "School\School.csproj", "{6164B01E-699C-4E80-9424-229A4C283A60}"
EndProject
Project("{FAE04EC0-301F-11D3-BF4B-00C04F79EFBC}") = "SchoolTests", "SchoolTests\SchoolTests.csproj", "{B29C2442-DB2F-4FAC-9926-03234D5184C4}"
EndProject
Global
	GlobalSection(SolutionConfigurationPlatforms) = preSolution
		Debug|Any CPU = Debug|Any CPU
		Release|Any CPU = Release|Any CPU
	EndGlobalSection
	GlobalSection(ProjectConfigurationPlatforms) = postSolution
		{6164B01E-699C-4E80-9424-229A4C283A60}.Debug|Any CPU.ActiveCfg = Debug|Any CPU
		{6164B01E-699C-4E80-9424-229A4C283A60}.Debug|Any CPU.Build.0 = Debug|Any CPU
		{6164B01E-699C-4E80-9424-229A4C283A60}.Release|Any CPU.ActiveCfg = Release|Any CPU
		{6164B01E-699C-4E80-9424-229A4C283A60}.Release|Any CPU.Build.0 = Release|Any CPU
		{B29C2442-DB2F-4FAC-9926-03234D5184C4}.Debug|Any CPU.ActiveCfg = Debug|Any CPU
		{B29C2442-DB2F-4FAC-9926-03234D5184C4}.Debug|Any CPU.Build.0 = Debug|Any CPU
		{B29C2442-DB2F-4FAC-9926-03234D5184C4}.Release|Any CPU.ActiveCfg = Release|Any CPU
		{B29C2442-DB2F-4FAC-9926-03234D5184C4}.Release|Any CPU.Build.0 = Release|Any CPU
	EndGlobalSection
	GlobalSection(SolutionProperties) = preSolution
		HideSolutionNode = FALSE
	EndGlobalSection
EndGlobal
